{
    "_meta": {
        "hash": {
            "sha256": "4554e31a5cdb52cb8a3356005dfd9a448cea9a600ebaaa93bd53689404144ecb"
        },
        "pipfile-spec": 6,
        "requires": {
            "python_version": "3.7"
        },
        "sources": [
            {
                "name": "pypi",
                "url": "https://pypi.org/simple",
                "verify_ssl": true
            }
        ]
    },
    "default": {
        "asyncio": {
            "hashes": [
                "sha256:83360ff8bc97980e4ff25c964c7bd3923d333d177aa4f7fb736b019f26c7cb41",
                "sha256:b62c9157d36187eca799c378e572c969f0da87cd5fc42ca372d92cdb06e7e1de",
                "sha256:c46a87b48213d7464f22d9a497b9eef8c1928b68320a2fa94240f969f6fec08c",
                "sha256:c4d18b22701821de07bd6aea8b53d21449ec0ec5680645e5317062ea21817d2d"
            ],
            "index": "pypi",
            "version": "==3.4.3"
        },
        "hashids": {
            "hashes": [
                "sha256:6c3dc775e65efc2ce2c157a65acb776d634cb814598f406469abef00ae3f635c",
                "sha256:8bddd1acba501bfc9306e7e5a99a1667f4f2cacdc20cbd70bcc5ddfa5147c94c"
            ],
            "index": "pypi",
            "version": "==1.3.1"
        },
        "orjson": {
            "hashes": [
                "sha256:13fd458110fbe019c2a67ee539678189444f73bc09b27983c9b42663c63e0445",
                "sha256:200bd4491052d13696456a92d23f086b68b526c2464248733964e8165ac60888",
                "sha256:2ba4165883fbef0985bce60bddbf91bc5cea77cc22b1c12fe7a716c6323ab1e7",
                "sha256:38cb8cdbf43eafc6dcbfb10a9e63c80727bb916aee0f75caf5f90e5355b266e1",
                "sha256:43576bed3be300e9c02629a8d5fb3340fe6474765e6eee9610067def4b3ac19c",
                "sha256:5b66a62d4c0c44441b23fafcd3d0892296d9793361b14bcc5a5645c88b6a4a71",
                "sha256:609e93919268fadb871aafb7f550c3fe8d3e8c1305cadcc1610b414113b7034e",
                "sha256:7503145ffd1ae90d487860b97e2867ec61c2c8f001209bb12700ba7833df8ddf",
                "sha256:7e3434010e3f0680e92bb0a6094e4d5c939d0c4258c76397c6bd5263c7d62e86",
                "sha256:8591a25a31a89cf2a33e30eb516ab028bad2c72fed04e323917114aaedc07c7d",
                "sha256:8b429471398ea37d848fb53bca6a8c42fb776c278f4fcb6a1d651b8f1fb64947",
                "sha256:8bf1145a06e1245f0c8a8c32df6ffe52d214eb4eb88c3fb32e4ed14e3dc38e0e",
                "sha256:8e6ef00ddc637b7d13926aaccdabac363efdfd348c132410eb054c27e2eae6a7",
                "sha256:96b403796fc7e44bae843a2a83923925fe048f3a67c10a298fdfc0ff46163c14",
                "sha256:9c37cf3dbc9c81abed04ba4854454e9f0d8ac7c05fb6c4f36545733e90be6af2",
                "sha256:9d0834ca40c6e467fa1f1db3f83a8c3562c03eb2b7067ad09de5019592edb88f",
                "sha256:acd735718b531b78858a7e932c58424c5a3e39e04d61bba3d95ce8a8498ea9e9",
                "sha256:cc614bf6bfe0181e51dd98a9c53669f08d4d8641efbf1a287113da3059773dea",
                "sha256:cee746d186ba9efa47b9d52a649ee0617456a9a4d7a2cbd3ec06330bb9cb372a",
                "sha256:d4a2ddc6342a8280dafaa69827b387b95856ef0a6c5812fe91f5bd21ddd2ef36",
                "sha256:df9730cc8cd22b3f54aa55317257f3279e6300157fc0f4ed4424586cd7eb012d",
                "sha256:f385253a6ddac37ea422ec2c0d35772b4f5bf0dc0803ce44543bf7e530423ef8",
                "sha256:f54f8bcf24812a524e8904a80a365f7a287d82fc6ebdee528149616070abe5ab"
            ],
            "index": "pypi",
            "version": "==3.5.2"
        }
    },
    "develop": {}
}
